
Microsoft Visual Studio Solution File, Format Version 12.00
# Visual Studio Version 17
VisualStudioVersion = 17.5.33424.131
MinimumVisualStudioVersion = 10.0.40219.1
Project("{9A19103F-16F7-4668-BE54-9A1E7A4F7556}") = "project", "project\project.csproj", "{5531E40B-EB7E-4A0A-9628-6686DAE7F11E}"
EndProject
Global
	GlobalSection(SolutionConfigurationPlatforms) = preSolution
		Debug|Any CPU = Debug|Any CPU
		Release|Any CPU = Release|Any CPU
	EndGlobalSection
	GlobalSection(ProjectConfigurationPlatforms) = postSolution
		{5531E40B-EB7E-4A0A-9628-6686DAE7F11E}.Debug|Any CPU.ActiveCfg = Debug|Any CPU
		{5531E40B-EB7E-4A0A-9628-6686DAE7F11E}.Debug|Any CPU.Build.0 = Debug|Any CPU
		{5531E40B-EB7E-4A0A-9628-6686DAE7F11E}.Release|Any CPU.ActiveCfg = Release|Any CPU
		{5531E40B-EB7E-4A0A-9628-6686DAE7F11E}.Release|Any CPU.Build.0 = Release|Any CPU
	EndGlobalSection
	GlobalSection(SolutionProperties) = preSolution
		HideSolutionNode = FALSE
	EndGlobalSection
	GlobalSection(ExtensibilityGlobals) = postSolution
		SolutionGuid = {2E81B1AE-6D8E-41CD-917F-10E895158053}
	EndGlobalSection
EndGlobal
